
Microsoft Visual Studio Solution File, Format Version 12.00
# Visual Studio 15
VisualStudioVersion = 15.0.28307.1062
MinimumVisualStudioVersion = 10.0.40219.1
Project("{FAE04EC0-301F-11D3-BF4B-00C04F79EFBC}") = "BTurk.Automation.Host", "BTurk.Automation.Host\BTurk.Automation.Host.csproj", "{BB0A2819-0EF2-4BA9-829C-CC0621CD10C0}"
EndProject
Project("{FAE04EC0-301F-11D3-BF4B-00C04F79EFBC}") = "BTurk.Automation.Standard", "BTurk.Automation.Standard\BTurk.Automation.Standard.csproj", "{B15CAF22-4AF9-44D9-AE9B-9F6338AA9232}"
EndProject
Project("{FAE04EC0-301F-11D3-BF4B-00C04F79EFBC}") = "BTurk.Automation.E3k", "BTurk.Automation.E3k\BTurk.Automation.E3k.csproj", "{FF0E9FF3-7CEC-430D-97A8-FBF79121A727}"
EndProject
Project("{FAE04EC0-301F-11D3-BF4B-00C04F79EFBC}") = "BTurk.Automation.DependencyResolution", "BTurk.Automation.DependencyResolution\BTurk.Automation.DependencyResolution.csproj", "{931E7E69-09C0-4F0F-8EF5-927B1847ABFA}"
EndProject
Global
	GlobalSection(SolutionConfigurationPlatforms) = preSolution
		Debug|Any CPU = Debug|Any CPU
		Release|Any CPU = Release|Any CPU
	EndGlobalSection
	GlobalSection(ProjectConfigurationPlatforms) = postSolution
		{BB0A2819-0EF2-4BA9-829C-CC0621CD10C0}.Debug|Any CPU.ActiveCfg = Debug|Any CPU
		{BB0A2819-0EF2-4BA9-829C-CC0621CD10C0}.Debug|Any CPU.Build.0 = Debug|Any CPU
		{BB0A2819-0EF2-4BA9-829C-CC0621CD10C0}.Release|Any CPU.ActiveCfg = Release|Any CPU
		{BB0A2819-0EF2-4BA9-829C-CC0621CD10C0}.Release|Any CPU.Build.0 = Release|Any CPU
		{B15CAF22-4AF9-44D9-AE9B-9F6338AA9232}.Debug|Any CPU.ActiveCfg = Debug|Any CPU
		{B15CAF22-4AF9-44D9-AE9B-9F6338AA9232}.Debug|Any CPU.Build.0 = Debug|Any CPU
		{B15CAF22-4AF9-44D9-AE9B-9F6338AA9232}.Release|Any CPU.ActiveCfg = Release|Any CPU
		{B15CAF22-4AF9-44D9-AE9B-9F6338AA9232}.Release|Any CPU.Build.0 = Release|Any CPU
		{FF0E9FF3-7CEC-430D-97A8-FBF79121A727}.Debug|Any CPU.ActiveCfg = Debug|Any CPU
		{FF0E9FF3-7CEC-430D-97A8-FBF79121A727}.Debug|Any CPU.Build.0 = Debug|Any CPU
		{FF0E9FF3-7CEC-430D-97A8-FBF79121A727}.Release|Any CPU.ActiveCfg = Release|Any CPU
		{FF0E9FF3-7CEC-430D-97A8-FBF79121A727}.Release|Any CPU.Build.0 = Release|Any CPU
		{931E7E69-09C0-4F0F-8EF5-927B1847ABFA}.Debug|Any CPU.ActiveCfg = Debug|Any CPU
		{931E7E69-09C0-4F0F-8EF5-927B1847ABFA}.Debug|Any CPU.Build.0 = Debug|Any CPU
		{931E7E69-09C0-4F0F-8EF5-927B1847ABFA}.Release|Any CPU.ActiveCfg = Release|Any CPU
		{931E7E69-09C0-4F0F-8EF5-927B1847ABFA}.Release|Any CPU.Build.0 = Release|Any CPU
	EndGlobalSection
	GlobalSection(SolutionProperties) = preSolution
		HideSolutionNode = FALSE
	EndGlobalSection
	GlobalSection(ExtensibilityGlobals) = postSolution
		SolutionGuid = {6DE868CA-43FB-41BB-883C-0795B6BD49CC}
	EndGlobalSection
EndGlobal
