
Microsoft Visual Studio Solution File, Format Version 12.00
# Visual Studio Version 16
VisualStudioVersion = 16.0.30503.244
MinimumVisualStudioVersion = 10.0.40219.1
Project("{FAE04EC0-301F-11D3-BF4B-00C04F79EFBC}") = "BTurk.Automation.Host", "BTurk.Automation.Host\BTurk.Automation.Host.csproj", "{BB0A2819-0EF2-4BA9-829C-CC0621CD10C0}"
EndProject
Project("{FAE04EC0-301F-11D3-BF4B-00C04F79EFBC}") = "BTurk.Automation.Standard", "BTurk.Automation.Standard\BTurk.Automation.Standard.csproj", "{B15CAF22-4AF9-44D9-AE9B-9F6338AA9232}"
EndProject
Project("{FAE04EC0-301F-11D3-BF4B-00C04F79EFBC}") = "BTurk.Automation.E3k", "BTurk.Automation.E3k\BTurk.Automation.E3k.csproj", "{FF0E9FF3-7CEC-430D-97A8-FBF79121A727}"
EndProject
Project("{FAE04EC0-301F-11D3-BF4B-00C04F79EFBC}") = "BTurk.Automation.DependencyResolution", "BTurk.Automation.DependencyResolution\BTurk.Automation.DependencyResolution.csproj", "{931E7E69-09C0-4F0F-8EF5-927B1847ABFA}"
EndProject
Project("{FAE04EC0-301F-11D3-BF4B-00C04F79EFBC}") = "BTurk.Automation.Core", "BTurk.Automation.Core\BTurk.Automation.Core.csproj", "{A48DC1B5-1E2B-41C1-AB49-998D95085B48}"
EndProject
Project("{2150E333-8FDC-42A3-9474-1A3956D46DE8}") = "Automation", "Automation", "{3795B307-F10A-4A52-8712-F62A18328006}"
EndProject
Project("{2150E333-8FDC-42A3-9474-1A3956D46DE8}") = "Tests", "Tests", "{C2349D03-A1FF-4702-AF7C-6954B9F95D56}"
EndProject
Project("{FAE04EC0-301F-11D3-BF4B-00C04F79EFBC}") = "BTurk.Automation.Core.UnitTests", "Tests\BTurk.Automation.Core.UnitTests\BTurk.Automation.Core.UnitTests.csproj", "{42B7DEA5-3AE6-4104-B214-0120FC440D77}"
EndProject
Project("{FAE04EC0-301F-11D3-BF4B-00C04F79EFBC}") = "BTurk.Automation.DependencyResolution.UnitTests", "Tests\BTurk.Automation.DependencyResolution.UnitTests\BTurk.Automation.DependencyResolution.UnitTests.csproj", "{9868302B-5A70-486C-935F-9E7F2B95FA3B}"
EndProject
Project("{FAE04EC0-301F-11D3-BF4B-00C04F79EFBC}") = "BTurk.Automation.Mic", "BTurk.Automation.Mic\BTurk.Automation.Mic.csproj", "{D6EFBCC2-09E6-4D86-ACCE-A9CA6F197E4F}"
EndProject
Global
	GlobalSection(SolutionConfigurationPlatforms) = preSolution
		Debug|Any CPU = Debug|Any CPU
		Release|Any CPU = Release|Any CPU
	EndGlobalSection
	GlobalSection(ProjectConfigurationPlatforms) = postSolution
		{BB0A2819-0EF2-4BA9-829C-CC0621CD10C0}.Debug|Any CPU.ActiveCfg = Debug|Any CPU
		{BB0A2819-0EF2-4BA9-829C-CC0621CD10C0}.Debug|Any CPU.Build.0 = Debug|Any CPU
		{BB0A2819-0EF2-4BA9-829C-CC0621CD10C0}.Release|Any CPU.ActiveCfg = Release|Any CPU
		{BB0A2819-0EF2-4BA9-829C-CC0621CD10C0}.Release|Any CPU.Build.0 = Release|Any CPU
		{B15CAF22-4AF9-44D9-AE9B-9F6338AA9232}.Debug|Any CPU.ActiveCfg = Debug|Any CPU
		{B15CAF22-4AF9-44D9-AE9B-9F6338AA9232}.Debug|Any CPU.Build.0 = Debug|Any CPU
		{B15CAF22-4AF9-44D9-AE9B-9F6338AA9232}.Release|Any CPU.ActiveCfg = Release|Any CPU
		{B15CAF22-4AF9-44D9-AE9B-9F6338AA9232}.Release|Any CPU.Build.0 = Release|Any CPU
		{FF0E9FF3-7CEC-430D-97A8-FBF79121A727}.Debug|Any CPU.ActiveCfg = Debug|Any CPU
		{FF0E9FF3-7CEC-430D-97A8-FBF79121A727}.Debug|Any CPU.Build.0 = Debug|Any CPU
		{FF0E9FF3-7CEC-430D-97A8-FBF79121A727}.Release|Any CPU.ActiveCfg = Release|Any CPU
		{FF0E9FF3-7CEC-430D-97A8-FBF79121A727}.Release|Any CPU.Build.0 = Release|Any CPU
		{931E7E69-09C0-4F0F-8EF5-927B1847ABFA}.Debug|Any CPU.ActiveCfg = Debug|Any CPU
		{931E7E69-09C0-4F0F-8EF5-927B1847ABFA}.Debug|Any CPU.Build.0 = Debug|Any CPU
		{931E7E69-09C0-4F0F-8EF5-927B1847ABFA}.Release|Any CPU.ActiveCfg = Release|Any CPU
		{931E7E69-09C0-4F0F-8EF5-927B1847ABFA}.Release|Any CPU.Build.0 = Release|Any CPU
		{A48DC1B5-1E2B-41C1-AB49-998D95085B48}.Debug|Any CPU.ActiveCfg = Debug|Any CPU
		{A48DC1B5-1E2B-41C1-AB49-998D95085B48}.Debug|Any CPU.Build.0 = Debug|Any CPU
		{A48DC1B5-1E2B-41C1-AB49-998D95085B48}.Release|Any CPU.ActiveCfg = Release|Any CPU
		{A48DC1B5-1E2B-41C1-AB49-998D95085B48}.Release|Any CPU.Build.0 = Release|Any CPU
		{42B7DEA5-3AE6-4104-B214-0120FC440D77}.Debug|Any CPU.ActiveCfg = Debug|Any CPU
		{42B7DEA5-3AE6-4104-B214-0120FC440D77}.Debug|Any CPU.Build.0 = Debug|Any CPU
		{42B7DEA5-3AE6-4104-B214-0120FC440D77}.Release|Any CPU.ActiveCfg = Release|Any CPU
		{42B7DEA5-3AE6-4104-B214-0120FC440D77}.Release|Any CPU.Build.0 = Release|Any CPU
		{9868302B-5A70-486C-935F-9E7F2B95FA3B}.Debug|Any CPU.ActiveCfg = Debug|Any CPU
		{9868302B-5A70-486C-935F-9E7F2B95FA3B}.Debug|Any CPU.Build.0 = Debug|Any CPU
		{9868302B-5A70-486C-935F-9E7F2B95FA3B}.Release|Any CPU.ActiveCfg = Release|Any CPU
		{9868302B-5A70-486C-935F-9E7F2B95FA3B}.Release|Any CPU.Build.0 = Release|Any CPU
		{D6EFBCC2-09E6-4D86-ACCE-A9CA6F197E4F}.Debug|Any CPU.ActiveCfg = Debug|Any CPU
		{D6EFBCC2-09E6-4D86-ACCE-A9CA6F197E4F}.Debug|Any CPU.Build.0 = Debug|Any CPU
		{D6EFBCC2-09E6-4D86-ACCE-A9CA6F197E4F}.Release|Any CPU.ActiveCfg = Release|Any CPU
		{D6EFBCC2-09E6-4D86-ACCE-A9CA6F197E4F}.Release|Any CPU.Build.0 = Release|Any CPU
	EndGlobalSection
	GlobalSection(SolutionProperties) = preSolution
		HideSolutionNode = FALSE
	EndGlobalSection
	GlobalSection(NestedProjects) = preSolution
		{BB0A2819-0EF2-4BA9-829C-CC0621CD10C0} = {3795B307-F10A-4A52-8712-F62A18328006}
		{B15CAF22-4AF9-44D9-AE9B-9F6338AA9232} = {3795B307-F10A-4A52-8712-F62A18328006}
		{FF0E9FF3-7CEC-430D-97A8-FBF79121A727} = {3795B307-F10A-4A52-8712-F62A18328006}
		{931E7E69-09C0-4F0F-8EF5-927B1847ABFA} = {3795B307-F10A-4A52-8712-F62A18328006}
		{A48DC1B5-1E2B-41C1-AB49-998D95085B48} = {3795B307-F10A-4A52-8712-F62A18328006}
		{42B7DEA5-3AE6-4104-B214-0120FC440D77} = {C2349D03-A1FF-4702-AF7C-6954B9F95D56}
		{9868302B-5A70-486C-935F-9E7F2B95FA3B} = {C2349D03-A1FF-4702-AF7C-6954B9F95D56}
		{D6EFBCC2-09E6-4D86-ACCE-A9CA6F197E4F} = {3795B307-F10A-4A52-8712-F62A18328006}
	EndGlobalSection
	GlobalSection(ExtensibilityGlobals) = postSolution
		SolutionGuid = {6DE868CA-43FB-41BB-883C-0795B6BD49CC}
	EndGlobalSection
EndGlobal
